
Microsoft Visual Studio Solution File, Format Version 12.00
# Visual Studio Version 17
VisualStudioVersion = 17.7.34202.233
MinimumVisualStudioVersion = 10.0.40219.1
Project("{FAE04EC0-301F-11D3-BF4B-00C04F79EFBC}") = "Reserva hotelera-Amancio", "Reserva hotelera-Amancio\Reserva hotelera-Amancio.csproj", "{A57FB653-0800-40F1-B210-4DD3B1648082}"
EndProject
Global
	GlobalSection(SolutionConfigurationPlatforms) = preSolution
		Debug|Any CPU = Debug|Any CPU
		Release|Any CPU = Release|Any CPU
	EndGlobalSection
	GlobalSection(ProjectConfigurationPlatforms) = postSolution
		{A57FB653-0800-40F1-B210-4DD3B1648082}.Debug|Any CPU.ActiveCfg = Debug|Any CPU
		{A57FB653-0800-40F1-B210-4DD3B1648082}.Debug|Any CPU.Build.0 = Debug|Any CPU
		{A57FB653-0800-40F1-B210-4DD3B1648082}.Release|Any CPU.ActiveCfg = Release|Any CPU
		{A57FB653-0800-40F1-B210-4DD3B1648082}.Release|Any CPU.Build.0 = Release|Any CPU
	EndGlobalSection
	GlobalSection(SolutionProperties) = preSolution
		HideSolutionNode = FALSE
	EndGlobalSection
	GlobalSection(ExtensibilityGlobals) = postSolution
		SolutionGuid = {A512906D-772D-4636-846B-5ED63E88FC28}
	EndGlobalSection
EndGlobal
