
Microsoft Visual Studio Solution File, Format Version 12.00
# Visual Studio Version 17
VisualStudioVersion = 17.7.34202.233
MinimumVisualStudioVersion = 10.0.40219.1
Project("{FAE04EC0-301F-11D3-BF4B-00C04F79EFBC}") = "Panel con pestañas-Amancio", "Panel con pestañas-Amancio\Panel con pestañas-Amancio.csproj", "{0A29559E-4116-4F6C-9F96-295672D1A9F0}"
EndProject
Global
	GlobalSection(SolutionConfigurationPlatforms) = preSolution
		Debug|Any CPU = Debug|Any CPU
		Release|Any CPU = Release|Any CPU
	EndGlobalSection
	GlobalSection(ProjectConfigurationPlatforms) = postSolution
		{0A29559E-4116-4F6C-9F96-295672D1A9F0}.Debug|Any CPU.ActiveCfg = Debug|Any CPU
		{0A29559E-4116-4F6C-9F96-295672D1A9F0}.Debug|Any CPU.Build.0 = Debug|Any CPU
		{0A29559E-4116-4F6C-9F96-295672D1A9F0}.Release|Any CPU.ActiveCfg = Release|Any CPU
		{0A29559E-4116-4F6C-9F96-295672D1A9F0}.Release|Any CPU.Build.0 = Release|Any CPU
	EndGlobalSection
	GlobalSection(SolutionProperties) = preSolution
		HideSolutionNode = FALSE
	EndGlobalSection
	GlobalSection(ExtensibilityGlobals) = postSolution
		SolutionGuid = {4E5DC1DF-FC49-4A94-B33A-96B5A72E4331}
	EndGlobalSection
EndGlobal
