
Microsoft Visual Studio Solution File, Format Version 12.00
# Visual Studio Version 17
VisualStudioVersion = 17.7.34202.233
MinimumVisualStudioVersion = 10.0.40219.1
Project("{FAE04EC0-301F-11D3-BF4B-00C04F79EFBC}") = "Gestion de Ventanas", "Gestion de Ventanas\Gestion de Ventanas.csproj", "{4DE87B1D-8EB1-45F4-AA9F-1FF335FFDFB5}"
EndProject
Global
	GlobalSection(SolutionConfigurationPlatforms) = preSolution
		Debug|Any CPU = Debug|Any CPU
		Release|Any CPU = Release|Any CPU
	EndGlobalSection
	GlobalSection(ProjectConfigurationPlatforms) = postSolution
		{4DE87B1D-8EB1-45F4-AA9F-1FF335FFDFB5}.Debug|Any CPU.ActiveCfg = Debug|Any CPU
		{4DE87B1D-8EB1-45F4-AA9F-1FF335FFDFB5}.Debug|Any CPU.Build.0 = Debug|Any CPU
		{4DE87B1D-8EB1-45F4-AA9F-1FF335FFDFB5}.Release|Any CPU.ActiveCfg = Release|Any CPU
		{4DE87B1D-8EB1-45F4-AA9F-1FF335FFDFB5}.Release|Any CPU.Build.0 = Release|Any CPU
	EndGlobalSection
	GlobalSection(SolutionProperties) = preSolution
		HideSolutionNode = FALSE
	EndGlobalSection
	GlobalSection(ExtensibilityGlobals) = postSolution
		SolutionGuid = {E445E928-972B-4EE4-B8D0-5FA3504123B4}
	EndGlobalSection
EndGlobal
