
Microsoft Visual Studio Solution File, Format Version 12.00
# Visual Studio Version 17
VisualStudioVersion = 17.7.34202.233
MinimumVisualStudioVersion = 10.0.40219.1
Project("{FAE04EC0-301F-11D3-BF4B-00C04F79EFBC}") = "lista_pelicuals Amancio", "lista_pelicuals Amancio\lista_pelicuals Amancio.csproj", "{3F787DA7-131D-4196-B5B5-399212BDC196}"
EndProject
Global
	GlobalSection(SolutionConfigurationPlatforms) = preSolution
		Debug|Any CPU = Debug|Any CPU
		Release|Any CPU = Release|Any CPU
	EndGlobalSection
	GlobalSection(ProjectConfigurationPlatforms) = postSolution
		{3F787DA7-131D-4196-B5B5-399212BDC196}.Debug|Any CPU.ActiveCfg = Debug|Any CPU
		{3F787DA7-131D-4196-B5B5-399212BDC196}.Debug|Any CPU.Build.0 = Debug|Any CPU
		{3F787DA7-131D-4196-B5B5-399212BDC196}.Release|Any CPU.ActiveCfg = Release|Any CPU
		{3F787DA7-131D-4196-B5B5-399212BDC196}.Release|Any CPU.Build.0 = Release|Any CPU
	EndGlobalSection
	GlobalSection(SolutionProperties) = preSolution
		HideSolutionNode = FALSE
	EndGlobalSection
	GlobalSection(ExtensibilityGlobals) = postSolution
		SolutionGuid = {2C4F59AD-AE99-4BD2-9977-FC12AEC7E761}
	EndGlobalSection
EndGlobal
